
Microsoft Visual Studio Solution File, Format Version 12.00
# Visual Studio 15
VisualStudioVersion = 15.0.28307.705
MinimumVisualStudioVersion = 10.0.40219.1
Project("{FAE04EC0-301F-11D3-BF4B-00C04F79EFBC}") = "ice-cream_eProject", "ice-cream_eProject\ice-cream_eProject.csproj", "{4994E90D-5E39-4172-9486-735BBB601305}"
EndProject
Project("{FAE04EC0-301F-11D3-BF4B-00C04F79EFBC}") = "ice-cream_eProject.Tests", "ice-cream_eProject.Tests\ice-cream_eProject.Tests.csproj", "{FE5D396C-A6EB-411B-B598-02E5F501427E}"
EndProject
Global
	GlobalSection(SolutionConfigurationPlatforms) = preSolution
		Debug|Any CPU = Debug|Any CPU
		Release|Any CPU = Release|Any CPU
	EndGlobalSection
	GlobalSection(ProjectConfigurationPlatforms) = postSolution
		{4994E90D-5E39-4172-9486-735BBB601305}.Debug|Any CPU.ActiveCfg = Debug|Any CPU
		{4994E90D-5E39-4172-9486-735BBB601305}.Debug|Any CPU.Build.0 = Debug|Any CPU
		{4994E90D-5E39-4172-9486-735BBB601305}.Release|Any CPU.ActiveCfg = Release|Any CPU
		{4994E90D-5E39-4172-9486-735BBB601305}.Release|Any CPU.Build.0 = Release|Any CPU
		{FE5D396C-A6EB-411B-B598-02E5F501427E}.Debug|Any CPU.ActiveCfg = Debug|Any CPU
		{FE5D396C-A6EB-411B-B598-02E5F501427E}.Debug|Any CPU.Build.0 = Debug|Any CPU
		{FE5D396C-A6EB-411B-B598-02E5F501427E}.Release|Any CPU.ActiveCfg = Release|Any CPU
		{FE5D396C-A6EB-411B-B598-02E5F501427E}.Release|Any CPU.Build.0 = Release|Any CPU
	EndGlobalSection
	GlobalSection(SolutionProperties) = preSolution
		HideSolutionNode = FALSE
	EndGlobalSection
	GlobalSection(ExtensibilityGlobals) = postSolution
		SolutionGuid = {15826475-0BDF-4DEB-AAEB-8761118315CE}
	EndGlobalSection
EndGlobal
